// !$*UTF8*$!
{
	archiveVersion = 1;
	classes = {
	};
	objectVersion = 55;
	objects = {

/* Begin PBXBuildFile section */
		471C68BD27D31E4D00B12B71 /* loginViewController.swift in Sources */ = {isa = PBXBuildFile; fileRef = 471C68BC27D31E4D00B12B71 /* loginViewController.swift */; };
		62DF79B74250096F21A6EF75 /* Pods_TED_Clone.framework in Frameworks */ = {isa = PBXBuildFile; fileRef = 6F5D4A406D77E7C1C5ABABC0 /* Pods_TED_Clone.framework */; };
		A9216E4127CE44D200DB0838 /* AppDelegate.swift in Sources */ = {isa = PBXBuildFile; fileRef = A9216E4027CE44D200DB0838 /* AppDelegate.swift */; };
		A9216E4327CE44D200DB0838 /* SceneDelegate.swift in Sources */ = {isa = PBXBuildFile; fileRef = A9216E4227CE44D200DB0838 /* SceneDelegate.swift */; };
		A9216E4527CE44D200DB0838 /* HomeViewController.swift in Sources */ = {isa = PBXBuildFile; fileRef = A9216E4427CE44D200DB0838 /* HomeViewController.swift */; };
		A9216E4A27CE44D300DB0838 /* Assets.xcassets in Resources */ = {isa = PBXBuildFile; fileRef = A9216E4927CE44D300DB0838 /* Assets.xcassets */; };
		A9216E4D27CE44D300DB0838 /* LaunchScreen.storyboard in Resources */ = {isa = PBXBuildFile; fileRef = A9216E4B27CE44D300DB0838 /* LaunchScreen.storyboard */; };
		A9216E5B27CE509A00DB0838 /* TabBarController.swift in Sources */ = {isa = PBXBuildFile; fileRef = A9216E5A27CE509A00DB0838 /* TabBarController.swift */; };
		A9216E5D27CE52D100DB0838 /* PodcastViewController.swift in Sources */ = {isa = PBXBuildFile; fileRef = A9216E5C27CE52D100DB0838 /* PodcastViewController.swift */; };
		A9216E5F27CE52EB00DB0838 /* SearchViewController.swift in Sources */ = {isa = PBXBuildFile; fileRef = A9216E5E27CE52EB00DB0838 /* SearchViewController.swift */; };
		A9216E6127CE52F200DB0838 /* ProfileViewController.swift in Sources */ = {isa = PBXBuildFile; fileRef = A9216E6027CE52F100DB0838 /* ProfileViewController.swift */; };
		A9216E6327CE549200DB0838 /* Model.swift in Sources */ = {isa = PBXBuildFile; fileRef = A9216E6227CE549200DB0838 /* Model.swift */; };
		A9216E6527CE549900DB0838 /* ViewModel.swift in Sources */ = {isa = PBXBuildFile; fileRef = A9216E6427CE549900DB0838 /* ViewModel.swift */; };
		A9216E8927CF9F4E00DB0838 /* SubSectionCollectionViewCell.swift in Sources */ = {isa = PBXBuildFile; fileRef = A9216E8827CF9F4E00DB0838 /* SubSectionCollectionViewCell.swift */; };
		A9216E8B27CFBFAF00DB0838 /* SectionHeader.swift in Sources */ = {isa = PBXBuildFile; fileRef = A9216E8A27CFBFAF00DB0838 /* SectionHeader.swift */; };
		A9216E8D27D0775A00DB0838 /* AppTitleCollectionViewCell.swift in Sources */ = {isa = PBXBuildFile; fileRef = A9216E8C27D0775A00DB0838 /* AppTitleCollectionViewCell.swift */; };
		A9216E9127D0796D00DB0838 /* HomeDetailViewController.swift in Sources */ = {isa = PBXBuildFile; fileRef = A9216E9027D0796D00DB0838 /* HomeDetailViewController.swift */; };
		A9216E9327D0887600DB0838 /* FirstSectionCollectionViewCell.swift in Sources */ = {isa = PBXBuildFile; fileRef = A9216E9227D0887600DB0838 /* FirstSectionCollectionViewCell.swift */; };
		A9D8CAD027D2372200552627 /* MainTableViewCell.swift in Sources */ = {isa = PBXBuildFile; fileRef = A9D8CACF27D2372200552627 /* MainTableViewCell.swift */; };
		A9D8CAD227D2572500552627 /* DetailsTableViewCell.swift in Sources */ = {isa = PBXBuildFile; fileRef = A9D8CAD127D2572500552627 /* DetailsTableViewCell.swift */; };
		A9D8CAD427D262FB00552627 /* ProfileTableViewCell.swift in Sources */ = {isa = PBXBuildFile; fileRef = A9D8CAD327D262FB00552627 /* ProfileTableViewCell.swift */; };
		A9D8CAD827D3B5D800552627 /* WatchNextTableViewCell.swift in Sources */ = {isa = PBXBuildFile; fileRef = A9D8CAD727D3B5D800552627 /* WatchNextTableViewCell.swift */; };
		FE50F05727DB1C16005F7223 /* PodcastAPI.swift in Sources */ = {isa = PBXBuildFile; fileRef = FE50F05627DB1C16005F7223 /* PodcastAPI.swift */; };
		FE50F05B27DB2E7E005F7223 /* PodcastViewModel.swift in Sources */ = {isa = PBXBuildFile; fileRef = FE50F05A27DB2E7E005F7223 /* PodcastViewModel.swift */; };
		FE50F05D27DB8F99005F7223 /* PodcastModel.swift in Sources */ = {isa = PBXBuildFile; fileRef = FE50F05C27DB8F99005F7223 /* PodcastModel.swift */; };
		FE50F06127DC6F6E005F7223 /* PodcastViewCell.swift in Sources */ = {isa = PBXBuildFile; fileRef = FE50F06027DC6F6E005F7223 /* PodcastViewCell.swift */; };
		FE50F06827DDCA66005F7223 /* MP3Model.swift in Sources */ = {isa = PBXBuildFile; fileRef = FE50F06727DDCA66005F7223 /* MP3Model.swift */; };
		FE848A9427D70D350023C69C /* GoogleService-Info.plist in Resources */ = {isa = PBXBuildFile; fileRef = FE848A9327D70D350023C69C /* GoogleService-Info.plist */; };
		FEA0EF3227CE57A200108D67 /* extension.swift in Sources */ = {isa = PBXBuildFile; fileRef = FEA0EF3127CE57A200108D67 /* extension.swift */; };
		FEA0EFAC27CF86BF00108D67 /* PodcastDetailViewController.swift in Sources */ = {isa = PBXBuildFile; fileRef = FEA0EFAB27CF86BF00108D67 /* PodcastDetailViewController.swift */; };
		FEA0EFAE27D0732800108D67 /* PodcastPlayViewController.swift in Sources */ = {isa = PBXBuildFile; fileRef = FEA0EFAD27D0732800108D67 /* PodcastPlayViewController.swift */; };
		FEB096DA27DDEC0500309C49 /* PodcastLoadingController.swift in Sources */ = {isa = PBXBuildFile; fileRef = FEB096D927DDEC0500309C49 /* PodcastLoadingController.swift */; };
		FEB096E427DF00CF00309C49 /* PodcastDetailViewCell.swift in Sources */ = {isa = PBXBuildFile; fileRef = FEB096E327DF00CF00309C49 /* PodcastDetailViewCell.swift */; };
/* End PBXBuildFile section */

/* Begin PBXFileReference section */
		471C68BC27D31E4D00B12B71 /* loginViewController.swift */ = {isa = PBXFileReference; lastKnownFileType = sourcecode.swift; path = loginViewController.swift; sourceTree = "<group>"; };
		6F5D4A406D77E7C1C5ABABC0 /* Pods_TED_Clone.framework */ = {isa = PBXFileReference; explicitFileType = wrapper.framework; includeInIndex = 0; path = Pods_TED_Clone.framework; sourceTree = BUILT_PRODUCTS_DIR; };
		7A836052D774241AD7D88AED /* Pods-TED_Clone.debug.xcconfig */ = {isa = PBXFileReference; includeInIndex = 1; lastKnownFileType = text.xcconfig; name = "Pods-TED_Clone.debug.xcconfig"; path = "Target Support Files/Pods-TED_Clone/Pods-TED_Clone.debug.xcconfig"; sourceTree = "<group>"; };
		97B7C44A34A31E6FF45D846B /* Pods-TED_Clone.release.xcconfig */ = {isa = PBXFileReference; includeInIndex = 1; lastKnownFileType = text.xcconfig; name = "Pods-TED_Clone.release.xcconfig"; path = "Target Support Files/Pods-TED_Clone/Pods-TED_Clone.release.xcconfig"; sourceTree = "<group>"; };
		A9216E3D27CE44D200DB0838 /* TED_Clone.app */ = {isa = PBXFileReference; explicitFileType = wrapper.application; includeInIndex = 0; path = TED_Clone.app; sourceTree = BUILT_PRODUCTS_DIR; };
		A9216E4027CE44D200DB0838 /* AppDelegate.swift */ = {isa = PBXFileReference; lastKnownFileType = sourcecode.swift; path = AppDelegate.swift; sourceTree = "<group>"; };
		A9216E4227CE44D200DB0838 /* SceneDelegate.swift */ = {isa = PBXFileReference; lastKnownFileType = sourcecode.swift; path = SceneDelegate.swift; sourceTree = "<group>"; };
		A9216E4427CE44D200DB0838 /* HomeViewController.swift */ = {isa = PBXFileReference; lastKnownFileType = sourcecode.swift; path = HomeViewController.swift; sourceTree = "<group>"; };
		A9216E4927CE44D300DB0838 /* Assets.xcassets */ = {isa = PBXFileReference; lastKnownFileType = folder.assetcatalog; path = Assets.xcassets; sourceTree = "<group>"; };
		A9216E4C27CE44D300DB0838 /* Base */ = {isa = PBXFileReference; lastKnownFileType = file.storyboard; name = Base; path = Base.lproj/LaunchScreen.storyboard; sourceTree = "<group>"; };
		A9216E4E27CE44D300DB0838 /* Info.plist */ = {isa = PBXFileReference; lastKnownFileType = text.plist.xml; path = Info.plist; sourceTree = "<group>"; };
		A9216E5A27CE509A00DB0838 /* TabBarController.swift */ = {isa = PBXFileReference; lastKnownFileType = sourcecode.swift; path = TabBarController.swift; sourceTree = "<group>"; };
		A9216E5C27CE52D100DB0838 /* PodcastViewController.swift */ = {isa = PBXFileReference; lastKnownFileType = sourcecode.swift; path = PodcastViewController.swift; sourceTree = "<group>"; };
		A9216E5E27CE52EB00DB0838 /* SearchViewController.swift */ = {isa = PBXFileReference; lastKnownFileType = sourcecode.swift; path = SearchViewController.swift; sourceTree = "<group>"; };
		A9216E6027CE52F100DB0838 /* ProfileViewController.swift */ = {isa = PBXFileReference; lastKnownFileType = sourcecode.swift; path = ProfileViewController.swift; sourceTree = "<group>"; };
		A9216E6227CE549200DB0838 /* Model.swift */ = {isa = PBXFileReference; lastKnownFileType = sourcecode.swift; path = Model.swift; sourceTree = "<group>"; };
		A9216E6427CE549900DB0838 /* ViewModel.swift */ = {isa = PBXFileReference; lastKnownFileType = sourcecode.swift; path = ViewModel.swift; sourceTree = "<group>"; };
		A9216E8827CF9F4E00DB0838 /* SubSectionCollectionViewCell.swift */ = {isa = PBXFileReference; lastKnownFileType = sourcecode.swift; path = SubSectionCollectionViewCell.swift; sourceTree = "<group>"; };
		A9216E8A27CFBFAF00DB0838 /* SectionHeader.swift */ = {isa = PBXFileReference; lastKnownFileType = sourcecode.swift; path = SectionHeader.swift; sourceTree = "<group>"; };
		A9216E8C27D0775A00DB0838 /* AppTitleCollectionViewCell.swift */ = {isa = PBXFileReference; lastKnownFileType = sourcecode.swift; path = AppTitleCollectionViewCell.swift; sourceTree = "<group>"; };
		A9216E9027D0796D00DB0838 /* HomeDetailViewController.swift */ = {isa = PBXFileReference; lastKnownFileType = sourcecode.swift; path = HomeDetailViewController.swift; sourceTree = "<group>"; };
		A9216E9227D0887600DB0838 /* FirstSectionCollectionViewCell.swift */ = {isa = PBXFileReference; lastKnownFileType = sourcecode.swift; path = FirstSectionCollectionViewCell.swift; sourceTree = "<group>"; };
		A9D8CACF27D2372200552627 /* MainTableViewCell.swift */ = {isa = PBXFileReference; lastKnownFileType = sourcecode.swift; path = MainTableViewCell.swift; sourceTree = "<group>"; };
		A9D8CAD127D2572500552627 /* DetailsTableViewCell.swift */ = {isa = PBXFileReference; lastKnownFileType = sourcecode.swift; path = DetailsTableViewCell.swift; sourceTree = "<group>"; };
		A9D8CAD327D262FB00552627 /* ProfileTableViewCell.swift */ = {isa = PBXFileReference; lastKnownFileType = sourcecode.swift; path = ProfileTableViewCell.swift; sourceTree = "<group>"; };
		A9D8CAD727D3B5D800552627 /* WatchNextTableViewCell.swift */ = {isa = PBXFileReference; lastKnownFileType = sourcecode.swift; path = WatchNextTableViewCell.swift; sourceTree = "<group>"; };
		FE50F05627DB1C16005F7223 /* PodcastAPI.swift */ = {isa = PBXFileReference; lastKnownFileType = sourcecode.swift; path = PodcastAPI.swift; sourceTree = "<group>"; };
		FE50F05A27DB2E7E005F7223 /* PodcastViewModel.swift */ = {isa = PBXFileReference; lastKnownFileType = sourcecode.swift; path = PodcastViewModel.swift; sourceTree = "<group>"; };
		FE50F05C27DB8F99005F7223 /* PodcastModel.swift */ = {isa = PBXFileReference; lastKnownFileType = sourcecode.swift; path = PodcastModel.swift; sourceTree = "<group>"; };
		FE50F06027DC6F6E005F7223 /* PodcastViewCell.swift */ = {isa = PBXFileReference; lastKnownFileType = sourcecode.swift; path = PodcastViewCell.swift; sourceTree = "<group>"; };
		FE50F06727DDCA66005F7223 /* MP3Model.swift */ = {isa = PBXFileReference; lastKnownFileType = sourcecode.swift; path = MP3Model.swift; sourceTree = "<group>"; };
		FE848A9327D70D350023C69C /* GoogleService-Info.plist */ = {isa = PBXFileReference; fileEncoding = 4; lastKnownFileType = text.plist.xml; name = "GoogleService-Info.plist"; path = "../../../Downloads/GoogleService-Info.plist"; sourceTree = "<group>"; };
		FEA0EF3127CE57A200108D67 /* extension.swift */ = {isa = PBXFileReference; lastKnownFileType = sourcecode.swift; path = extension.swift; sourceTree = "<group>"; };
		FEA0EFAB27CF86BF00108D67 /* PodcastDetailViewController.swift */ = {isa = PBXFileReference; lastKnownFileType = sourcecode.swift; path = PodcastDetailViewController.swift; sourceTree = "<group>"; };
		FEA0EFAD27D0732800108D67 /* PodcastPlayViewController.swift */ = {isa = PBXFileReference; lastKnownFileType = sourcecode.swift; path = PodcastPlayViewController.swift; sourceTree = "<group>"; };
		FEB096D927DDEC0500309C49 /* PodcastLoadingController.swift */ = {isa = PBXFileReference; lastKnownFileType = sourcecode.swift; path = PodcastLoadingController.swift; sourceTree = "<group>"; };
		FEB096E327DF00CF00309C49 /* PodcastDetailViewCell.swift */ = {isa = PBXFileReference; lastKnownFileType = sourcecode.swift; path = PodcastDetailViewCell.swift; sourceTree = "<group>"; };
/* End PBXFileReference section */

/* Begin PBXFrameworksBuildPhase section */
		A9216E3A27CE44D200DB0838 /* Frameworks */ = {
			isa = PBXFrameworksBuildPhase;
			buildActionMask = 2147483647;
			files = (
				62DF79B74250096F21A6EF75 /* Pods_TED_Clone.framework in Frameworks */,
			);
			runOnlyForDeploymentPostprocessing = 0;
		};
/* End PBXFrameworksBuildPhase section */

/* Begin PBXGroup section */
		0A8C29886AB02E9C5B29CD42 /* Frameworks */ = {
			isa = PBXGroup;
			children = (
				6F5D4A406D77E7C1C5ABABC0 /* Pods_TED_Clone.framework */,
			);
			name = Frameworks;
			sourceTree = "<group>";
		};
		A9216E3427CE44D200DB0838 = {
			isa = PBXGroup;
			children = (
				A9216E3F27CE44D200DB0838 /* TED_Clone */,
				A9216E3E27CE44D200DB0838 /* Products */,
				C19B89EACFFFD4C42B82183D /* Pods */,
				0A8C29886AB02E9C5B29CD42 /* Frameworks */,
			);
			sourceTree = "<group>";
		};
		A9216E3E27CE44D200DB0838 /* Products */ = {
			isa = PBXGroup;
			children = (
				A9216E3D27CE44D200DB0838 /* TED_Clone.app */,
			);
			name = Products;
			sourceTree = "<group>";
		};
		A9216E3F27CE44D200DB0838 /* TED_Clone */ = {
			isa = PBXGroup;
			children = (
				A9216E5927CE500800DB0838 /* Resources */,
				FEA0EF2F27CE577F00108D67 /* Utils */,
				A9216E5827CE4FE900DB0838 /* Model */,
				A9216E5427CE4FC200DB0838 /* View */,
				A9216E5727CE4FE300DB0838 /* ViewModel */,
				A9216E5527CE4FD200DB0838 /* Controllers */,
				A9216E4E27CE44D300DB0838 /* Info.plist */,
				FE848A9327D70D350023C69C /* GoogleService-Info.plist */,
			);
			path = TED_Clone;
			sourceTree = "<group>";
		};
		A9216E5427CE4FC200DB0838 /* View */ = {
			isa = PBXGroup;
			children = (
				FE50F05F27DC6F46005F7223 /* PodcastView */,
				A9216E5627CE4FDE00DB0838 /* Views */,
			);
			path = View;
			sourceTree = "<group>";
		};
		A9216E5527CE4FD200DB0838 /* Controllers */ = {
			isa = PBXGroup;
			children = (
				FE50F05E27DC6F21005F7223 /* PodcastController */,
				A9216E8627CF9D2800DB0838 /* Home */,
				471C68BC27D31E4D00B12B71 /* loginViewController.swift */,
				A9216E5E27CE52EB00DB0838 /* SearchViewController.swift */,
				A9216E6027CE52F100DB0838 /* ProfileViewController.swift */,
				A9216E5A27CE509A00DB0838 /* TabBarController.swift */,
			);
			path = Controllers;
			sourceTree = "<group>";
		};
		A9216E5627CE4FDE00DB0838 /* Views */ = {
			isa = PBXGroup;
			children = (
				A9216E8727CF9D4900DB0838 /* Home */,
				A9216E4B27CE44D300DB0838 /* LaunchScreen.storyboard */,
			);
			path = Views;
			sourceTree = "<group>";
		};
		A9216E5727CE4FE300DB0838 /* ViewModel */ = {
			isa = PBXGroup;
			children = (
				FEB096E227DF009B00309C49 /* PodcastViewModel */,
				A9216E6427CE549900DB0838 /* ViewModel.swift */,
			);
			path = ViewModel;
			sourceTree = "<group>";
		};
		A9216E5827CE4FE900DB0838 /* Model */ = {
			isa = PBXGroup;
			children = (
				FEB096E127DF008600309C49 /* PodcastModel */,
				A9216E6227CE549200DB0838 /* Model.swift */,
			);
			path = Model;
			sourceTree = "<group>";
		};
		A9216E5927CE500800DB0838 /* Resources */ = {
			isa = PBXGroup;
			children = (
				A9216E4927CE44D300DB0838 /* Assets.xcassets */,
				A9216E4027CE44D200DB0838 /* AppDelegate.swift */,
				A9216E4227CE44D200DB0838 /* SceneDelegate.swift */,
			);
			path = Resources;
			sourceTree = "<group>";
		};
		A9216E8627CF9D2800DB0838 /* Home */ = {
			isa = PBXGroup;
			children = (
				A9216E4427CE44D200DB0838 /* HomeViewController.swift */,
				A9216E9027D0796D00DB0838 /* HomeDetailViewController.swift */,
			);
			path = Home;
			sourceTree = "<group>";
		};
		A9216E8727CF9D4900DB0838 /* Home */ = {
			isa = PBXGroup;
			children = (
				A9216E8827CF9F4E00DB0838 /* SubSectionCollectionViewCell.swift */,
				A9216E9227D0887600DB0838 /* FirstSectionCollectionViewCell.swift */,
				A9216E8C27D0775A00DB0838 /* AppTitleCollectionViewCell.swift */,
				A9216E8A27CFBFAF00DB0838 /* SectionHeader.swift */,
				A9D8CACE27D236F900552627 /* Detail */,
			);
			path = Home;
			sourceTree = "<group>";
		};
		A9D8CACE27D236F900552627 /* Detail */ = {
			isa = PBXGroup;
			children = (
				A9D8CACF27D2372200552627 /* MainTableViewCell.swift */,
				A9D8CAD127D2572500552627 /* DetailsTableViewCell.swift */,
				A9D8CAD327D262FB00552627 /* ProfileTableViewCell.swift */,
				A9D8CAD727D3B5D800552627 /* WatchNextTableViewCell.swift */,
			);
			path = Detail;
			sourceTree = "<group>";
		};
		C19B89EACFFFD4C42B82183D /* Pods */ = {
			isa = PBXGroup;
			children = (
				7A836052D774241AD7D88AED /* Pods-TED_Clone.debug.xcconfig */,
				97B7C44A34A31E6FF45D846B /* Pods-TED_Clone.release.xcconfig */,
			);
			name = Pods;
			path = Pods;
			sourceTree = "<group>";
		};
		FE50F05E27DC6F21005F7223 /* PodcastController */ = {
			isa = PBXGroup;
			children = (
				A9216E5C27CE52D100DB0838 /* PodcastViewController.swift */,
				FEA0EFAB27CF86BF00108D67 /* PodcastDetailViewController.swift */,
				FEA0EFAD27D0732800108D67 /* PodcastPlayViewController.swift */,
				FEB096D927DDEC0500309C49 /* PodcastLoadingController.swift */,
			);
			path = PodcastController;
			sourceTree = "<group>";
		};
		FE50F05F27DC6F46005F7223 /* PodcastView */ = {
			isa = PBXGroup;
			children = (
				FE50F06027DC6F6E005F7223 /* PodcastViewCell.swift */,
				FEB096E327DF00CF00309C49 /* PodcastDetailViewCell.swift */,
			);
			path = PodcastView;
			sourceTree = "<group>";
		};
		FEA0EF2F27CE577F00108D67 /* Utils */ = {
			isa = PBXGroup;
			children = (
				FEB096E027DF007000309C49 /* PodcastUtils */,
				FEA0EF3127CE57A200108D67 /* extension.swift */,
			);
			path = Utils;
			sourceTree = "<group>";
		};
		FEB096E027DF007000309C49 /* PodcastUtils */ = {
			isa = PBXGroup;
			children = (
				FE50F05627DB1C16005F7223 /* PodcastAPI.swift */,
			);
			path = PodcastUtils;
			sourceTree = "<group>";
		};
		FEB096E127DF008600309C49 /* PodcastModel */ = {
			isa = PBXGroup;
			children = (
				FE50F06727DDCA66005F7223 /* MP3Model.swift */,
				FE50F05C27DB8F99005F7223 /* PodcastModel.swift */,
			);
			path = PodcastModel;
			sourceTree = "<group>";
		};
		FEB096E227DF009B00309C49 /* PodcastViewModel */ = {
			isa = PBXGroup;
			children = (
				FE50F05A27DB2E7E005F7223 /* PodcastViewModel.swift */,
			);
			path = PodcastViewModel;
			sourceTree = "<group>";
		};
/* End PBXGroup section */

/* Begin PBXNativeTarget section */
		A9216E3C27CE44D200DB0838 /* TED_Clone */ = {
			isa = PBXNativeTarget;
			buildConfigurationList = A9216E5127CE44D300DB0838 /* Build configuration list for PBXNativeTarget "TED_Clone" */;
			buildPhases = (
				04FFD08918CD7677E9AC0E7E /* [CP] Check Pods Manifest.lock */,
				A9216E3927CE44D200DB0838 /* Sources */,
				A9216E3A27CE44D200DB0838 /* Frameworks */,
				A9216E3B27CE44D200DB0838 /* Resources */,
				D12971394A07860CC34AA059 /* [CP] Embed Pods Frameworks */,
			);
			buildRules = (
			);
			dependencies = (
			);
			name = TED_Clone;
			productName = TED_Clone;
			productReference = A9216E3D27CE44D200DB0838 /* TED_Clone.app */;
			productType = "com.apple.product-type.application";
		};
/* End PBXNativeTarget section */

/* Begin PBXProject section */
		A9216E3527CE44D200DB0838 /* Project object */ = {
			isa = PBXProject;
			attributes = {
				BuildIndependentTargetsInParallel = YES;
				LastSwiftUpdateCheck = 1320;
				LastUpgradeCheck = 1320;
				TargetAttributes = {
					A9216E3C27CE44D200DB0838 = {
						CreatedOnToolsVersion = 13.2.1;
					};
				};
			};
			buildConfigurationList = A9216E3827CE44D200DB0838 /* Build configuration list for PBXProject "TED_Clone" */;
			compatibilityVersion = "Xcode 13.0";
			developmentRegion = en;
			hasScannedForEncodings = 0;
			knownRegions = (
				en,
				Base,
			);
			mainGroup = A9216E3427CE44D200DB0838;
			productRefGroup = A9216E3E27CE44D200DB0838 /* Products */;
			projectDirPath = "";
			projectRoot = "";
			targets = (
				A9216E3C27CE44D200DB0838 /* TED_Clone */,
			);
		};
/* End PBXProject section */

/* Begin PBXResourcesBuildPhase section */
		A9216E3B27CE44D200DB0838 /* Resources */ = {
			isa = PBXResourcesBuildPhase;
			buildActionMask = 2147483647;
			files = (
				A9216E4D27CE44D300DB0838 /* LaunchScreen.storyboard in Resources */,
				A9216E4A27CE44D300DB0838 /* Assets.xcassets in Resources */,
				FE848A9427D70D350023C69C /* GoogleService-Info.plist in Resources */,
			);
			runOnlyForDeploymentPostprocessing = 0;
		};
/* End PBXResourcesBuildPhase section */

/* Begin PBXShellScriptBuildPhase section */
		04FFD08918CD7677E9AC0E7E /* [CP] Check Pods Manifest.lock */ = {
			isa = PBXShellScriptBuildPhase;
			buildActionMask = 2147483647;
			files = (
			);
			inputFileListPaths = (
			);
			inputPaths = (
				"${PODS_PODFILE_DIR_PATH}/Podfile.lock",
				"${PODS_ROOT}/Manifest.lock",
			);
			name = "[CP] Check Pods Manifest.lock";
			outputFileListPaths = (
			);
			outputPaths = (
				"$(DERIVED_FILE_DIR)/Pods-TED_Clone-checkManifestLockResult.txt",
			);
			runOnlyForDeploymentPostprocessing = 0;
			shellPath = /bin/sh;
			shellScript = "diff \"${PODS_PODFILE_DIR_PATH}/Podfile.lock\" \"${PODS_ROOT}/Manifest.lock\" > /dev/null\nif [ $? != 0 ] ; then\n    # print error to STDERR\n    echo \"error: The sandbox is not in sync with the Podfile.lock. Run 'pod install' or update your CocoaPods installation.\" >&2\n    exit 1\nfi\n# This output is used by Xcode 'outputs' to avoid re-running this script phase.\necho \"SUCCESS\" > \"${SCRIPT_OUTPUT_FILE_0}\"\n";
			showEnvVarsInLog = 0;
		};
		D12971394A07860CC34AA059 /* [CP] Embed Pods Frameworks */ = {
			isa = PBXShellScriptBuildPhase;
			buildActionMask = 2147483647;
			files = (
			);
			inputFileListPaths = (
				"${PODS_ROOT}/Target Support Files/Pods-TED_Clone/Pods-TED_Clone-frameworks-${CONFIGURATION}-input-files.xcfilelist",
			);
			name = "[CP] Embed Pods Frameworks";
			outputFileListPaths = (
				"${PODS_ROOT}/Target Support Files/Pods-TED_Clone/Pods-TED_Clone-frameworks-${CONFIGURATION}-output-files.xcfilelist",
			);
			runOnlyForDeploymentPostprocessing = 0;
			shellPath = /bin/sh;
			shellScript = "\"${PODS_ROOT}/Target Support Files/Pods-TED_Clone/Pods-TED_Clone-frameworks.sh\"\n";
			showEnvVarsInLog = 0;
		};
/* End PBXShellScriptBuildPhase section */

/* Begin PBXSourcesBuildPhase section */
		A9216E3927CE44D200DB0838 /* Sources */ = {
			isa = PBXSourcesBuildPhase;
			buildActionMask = 2147483647;
			files = (
				A9216E5F27CE52EB00DB0838 /* SearchViewController.swift in Sources */,
				471C68BD27D31E4D00B12B71 /* loginViewController.swift in Sources */,
				A9216E6527CE549900DB0838 /* ViewModel.swift in Sources */,
				A9216E9327D0887600DB0838 /* FirstSectionCollectionViewCell.swift in Sources */,
				A9216E4527CE44D200DB0838 /* HomeViewController.swift in Sources */,
				FEA0EF3227CE57A200108D67 /* extension.swift in Sources */,
				A9D8CAD027D2372200552627 /* MainTableViewCell.swift in Sources */,
				FE50F06127DC6F6E005F7223 /* PodcastViewCell.swift in Sources */,
				FE50F05727DB1C16005F7223 /* PodcastAPI.swift in Sources */,
				FEB096E427DF00CF00309C49 /* PodcastDetailViewCell.swift in Sources */,
				A9D8CAD427D262FB00552627 /* ProfileTableViewCell.swift in Sources */,
				A9216E5B27CE509A00DB0838 /* TabBarController.swift in Sources */,
				FEA0EFAE27D0732800108D67 /* PodcastPlayViewController.swift in Sources */,
				A9216E5D27CE52D100DB0838 /* PodcastViewController.swift in Sources */,
				FE50F05B27DB2E7E005F7223 /* PodcastViewModel.swift in Sources */,
				A9216E8927CF9F4E00DB0838 /* SubSectionCollectionViewCell.swift in Sources */,
				A9216E6127CE52F200DB0838 /* ProfileViewController.swift in Sources */,
				A9216E8D27D0775A00DB0838 /* AppTitleCollectionViewCell.swift in Sources */,
				A9D8CAD227D2572500552627 /* DetailsTableViewCell.swift in Sources */,
				FEB096DA27DDEC0500309C49 /* PodcastLoadingController.swift in Sources */,
				A9216E8B27CFBFAF00DB0838 /* SectionHeader.swift in Sources */,
				A9216E4127CE44D200DB0838 /* AppDelegate.swift in Sources */,
				A9D8CAD827D3B5D800552627 /* WatchNextTableViewCell.swift in Sources */,
				FE50F06827DDCA66005F7223 /* MP3Model.swift in Sources */,
				FE50F05D27DB8F99005F7223 /* PodcastModel.swift in Sources */,
				A9216E4327CE44D200DB0838 /* SceneDelegate.swift in Sources */,
				A9216E9127D0796D00DB0838 /* HomeDetailViewController.swift in Sources */,
				FEA0EFAC27CF86BF00108D67 /* PodcastDetailViewController.swift in Sources */,
				A9216E6327CE549200DB0838 /* Model.swift in Sources */,
			);
			runOnlyForDeploymentPostprocessing = 0;
		};
/* End PBXSourcesBuildPhase section */

/* Begin PBXVariantGroup section */
		A9216E4B27CE44D300DB0838 /* LaunchScreen.storyboard */ = {
			isa = PBXVariantGroup;
			children = (
				A9216E4C27CE44D300DB0838 /* Base */,
			);
			name = LaunchScreen.storyboard;
			sourceTree = "<group>";
		};
/* End PBXVariantGroup section */

/* Begin XCBuildConfiguration section */
		A9216E4F27CE44D300DB0838 /* Debug */ = {
			isa = XCBuildConfiguration;
			buildSettings = {
				ALWAYS_SEARCH_USER_PATHS = NO;
				CLANG_ANALYZER_NONNULL = YES;
				CLANG_ANALYZER_NUMBER_OBJECT_CONVERSION = YES_AGGRESSIVE;
				CLANG_CXX_LANGUAGE_STANDARD = "gnu++17";
				CLANG_CXX_LIBRARY = "libc++";
				CLANG_ENABLE_MODULES = YES;
				CLANG_ENABLE_OBJC_ARC = YES;
				CLANG_ENABLE_OBJC_WEAK = YES;
				CLANG_WARN_BLOCK_CAPTURE_AUTORELEASING = YES;
				CLANG_WARN_BOOL_CONVERSION = YES;
				CLANG_WARN_COMMA = YES;
				CLANG_WARN_CONSTANT_CONVERSION = YES;
				CLANG_WARN_DEPRECATED_OBJC_IMPLEMENTATIONS = YES;
				CLANG_WARN_DIRECT_OBJC_ISA_USAGE = YES_ERROR;
				CLANG_WARN_DOCUMENTATION_COMMENTS = YES;
				CLANG_WARN_EMPTY_BODY = YES;
				CLANG_WARN_ENUM_CONVERSION = YES;
				CLANG_WARN_INFINITE_RECURSION = YES;
				CLANG_WARN_INT_CONVERSION = YES;
				CLANG_WARN_NON_LITERAL_NULL_CONVERSION = YES;
				CLANG_WARN_OBJC_IMPLICIT_RETAIN_SELF = YES;
				CLANG_WARN_OBJC_LITERAL_CONVERSION = YES;
				CLANG_WARN_OBJC_ROOT_CLASS = YES_ERROR;
				CLANG_WARN_QUOTED_INCLUDE_IN_FRAMEWORK_HEADER = YES;
				CLANG_WARN_RANGE_LOOP_ANALYSIS = YES;
				CLANG_WARN_STRICT_PROTOTYPES = YES;
				CLANG_WARN_SUSPICIOUS_MOVE = YES;
				CLANG_WARN_UNGUARDED_AVAILABILITY = YES_AGGRESSIVE;
				CLANG_WARN_UNREACHABLE_CODE = YES;
				CLANG_WARN__DUPLICATE_METHOD_MATCH = YES;
				COPY_PHASE_STRIP = NO;
				DEBUG_INFORMATION_FORMAT = dwarf;
				ENABLE_STRICT_OBJC_MSGSEND = YES;
				ENABLE_TESTABILITY = YES;
				GCC_C_LANGUAGE_STANDARD = gnu11;
				GCC_DYNAMIC_NO_PIC = NO;
				GCC_NO_COMMON_BLOCKS = YES;
				GCC_OPTIMIZATION_LEVEL = 0;
				GCC_PREPROCESSOR_DEFINITIONS = (
					"DEBUG=1",
					"$(inherited)",
				);
				GCC_WARN_64_TO_32_BIT_CONVERSION = YES;
				GCC_WARN_ABOUT_RETURN_TYPE = YES_ERROR;
				GCC_WARN_UNDECLARED_SELECTOR = YES;
				GCC_WARN_UNINITIALIZED_AUTOS = YES_AGGRESSIVE;
				GCC_WARN_UNUSED_FUNCTION = YES;
				GCC_WARN_UNUSED_VARIABLE = YES;
				IPHONEOS_DEPLOYMENT_TARGET = 15.2;
				MTL_ENABLE_DEBUG_INFO = INCLUDE_SOURCE;
				MTL_FAST_MATH = YES;
				ONLY_ACTIVE_ARCH = YES;
				SDKROOT = iphoneos;
				SWIFT_ACTIVE_COMPILATION_CONDITIONS = DEBUG;
				SWIFT_OPTIMIZATION_LEVEL = "-Onone";
			};
			name = Debug;
		};
		A9216E5027CE44D300DB0838 /* Release */ = {
			isa = XCBuildConfiguration;
			buildSettings = {
				ALWAYS_SEARCH_USER_PATHS = NO;
				CLANG_ANALYZER_NONNULL = YES;
				CLANG_ANALYZER_NUMBER_OBJECT_CONVERSION = YES_AGGRESSIVE;
				CLANG_CXX_LANGUAGE_STANDARD = "gnu++17";
				CLANG_CXX_LIBRARY = "libc++";
				CLANG_ENABLE_MODULES = YES;
				CLANG_ENABLE_OBJC_ARC = YES;
				CLANG_ENABLE_OBJC_WEAK = YES;
				CLANG_WARN_BLOCK_CAPTURE_AUTORELEASING = YES;
				CLANG_WARN_BOOL_CONVERSION = YES;
				CLANG_WARN_COMMA = YES;
				CLANG_WARN_CONSTANT_CONVERSION = YES;
				CLANG_WARN_DEPRECATED_OBJC_IMPLEMENTATIONS = YES;
				CLANG_WARN_DIRECT_OBJC_ISA_USAGE = YES_ERROR;
				CLANG_WARN_DOCUMENTATION_COMMENTS = YES;
				CLANG_WARN_EMPTY_BODY = YES;
				CLANG_WARN_ENUM_CONVERSION = YES;
				CLANG_WARN_INFINITE_RECURSION = YES;
				CLANG_WARN_INT_CONVERSION = YES;
				CLANG_WARN_NON_LITERAL_NULL_CONVERSION = YES;
				CLANG_WARN_OBJC_IMPLICIT_RETAIN_SELF = YES;
				CLANG_WARN_OBJC_LITERAL_CONVERSION = YES;
				CLANG_WARN_OBJC_ROOT_CLASS = YES_ERROR;
				CLANG_WARN_QUOTED_INCLUDE_IN_FRAMEWORK_HEADER = YES;
				CLANG_WARN_RANGE_LOOP_ANALYSIS = YES;
				CLANG_WARN_STRICT_PROTOTYPES = YES;
				CLANG_WARN_SUSPICIOUS_MOVE = YES;
				CLANG_WARN_UNGUARDED_AVAILABILITY = YES_AGGRESSIVE;
				CLANG_WARN_UNREACHABLE_CODE = YES;
				CLANG_WARN__DUPLICATE_METHOD_MATCH = YES;
				COPY_PHASE_STRIP = NO;
				DEBUG_INFORMATION_FORMAT = "dwarf-with-dsym";
				ENABLE_NS_ASSERTIONS = NO;
				ENABLE_STRICT_OBJC_MSGSEND = YES;
				GCC_C_LANGUAGE_STANDARD = gnu11;
				GCC_NO_COMMON_BLOCKS = YES;
				GCC_WARN_64_TO_32_BIT_CONVERSION = YES;
				GCC_WARN_ABOUT_RETURN_TYPE = YES_ERROR;
				GCC_WARN_UNDECLARED_SELECTOR = YES;
				GCC_WARN_UNINITIALIZED_AUTOS = YES_AGGRESSIVE;
				GCC_WARN_UNUSED_FUNCTION = YES;
				GCC_WARN_UNUSED_VARIABLE = YES;
				IPHONEOS_DEPLOYMENT_TARGET = 15.2;
				MTL_ENABLE_DEBUG_INFO = NO;
				MTL_FAST_MATH = YES;
				SDKROOT = iphoneos;
				SWIFT_COMPILATION_MODE = wholemodule;
				SWIFT_OPTIMIZATION_LEVEL = "-O";
				VALIDATE_PRODUCT = YES;
			};
			name = Release;
		};
		A9216E5227CE44D300DB0838 /* Debug */ = {
			isa = XCBuildConfiguration;
			baseConfigurationReference = 7A836052D774241AD7D88AED /* Pods-TED_Clone.debug.xcconfig */;
			buildSettings = {
				ASSETCATALOG_COMPILER_APPICON_NAME = AppIcon;
				ASSETCATALOG_COMPILER_GLOBAL_ACCENT_COLOR_NAME = AccentColor;
				CODE_SIGN_STYLE = Automatic;
				CURRENT_PROJECT_VERSION = 1;
				DEVELOPMENT_TEAM = L3L2WN7T88;
				GENERATE_INFOPLIST_FILE = YES;
				INFOPLIST_FILE = TED_Clone/Info.plist;
				INFOPLIST_KEY_UIApplicationSupportsIndirectInputEvents = YES;
				INFOPLIST_KEY_UILaunchStoryboardName = LaunchScreen;
				INFOPLIST_KEY_UISupportedInterfaceOrientations = "";
				INFOPLIST_KEY_UISupportedInterfaceOrientations_iPad = "UIInterfaceOrientationPortrait UIInterfaceOrientationPortraitUpsideDown UIInterfaceOrientationLandscapeLeft UIInterfaceOrientationLandscapeRight";
				INFOPLIST_KEY_UISupportedInterfaceOrientations_iPhone = "UIInterfaceOrientationPortrait UIInterfaceOrientationLandscapeLeft UIInterfaceOrientationLandscapeRight";
				IPHONEOS_DEPLOYMENT_TARGET = 15.0;
				LD_RUNPATH_SEARCH_PATHS = (
					"$(inherited)",
					"@executable_path/Frameworks",
				);
				MARKETING_VERSION = 1.0;
				PRODUCT_BUNDLE_IDENTIFIER = "com.headingtodev.TED-Clone";
				PRODUCT_NAME = "$(TARGET_NAME)";
				SWIFT_EMIT_LOC_STRINGS = YES;
				SWIFT_VERSION = 5.0;
				TARGETED_DEVICE_FAMILY = 1;
			};
			name = Debug;
		};
		A9216E5327CE44D300DB0838 /* Release */ = {
			isa = XCBuildConfiguration;
			baseConfigurationReference = 97B7C44A34A31E6FF45D846B /* Pods-TED_Clone.release.xcconfig */;
			buildSettings = {
				ASSETCATALOG_COMPILER_APPICON_NAME = AppIcon;
				ASSETCATALOG_COMPILER_GLOBAL_ACCENT_COLOR_NAME = AccentColor;
				CODE_SIGN_STYLE = Automatic;
				CURRENT_PROJECT_VERSION = 1;
				DEVELOPMENT_TEAM = L3L2WN7T88;
				GENERATE_INFOPLIST_FILE = YES;
				INFOPLIST_FILE = TED_Clone/Info.plist;
				INFOPLIST_KEY_UIApplicationSupportsIndirectInputEvents = YES;
				INFOPLIST_KEY_UILaunchStoryboardName = LaunchScreen;
				INFOPLIST_KEY_UISupportedInterfaceOrientations = "";
				INFOPLIST_KEY_UISupportedInterfaceOrientations_iPad = "UIInterfaceOrientationPortrait UIInterfaceOrientationPortraitUpsideDown UIInterfaceOrientationLandscapeLeft UIInterfaceOrientationLandscapeRight";
				INFOPLIST_KEY_UISupportedInterfaceOrientations_iPhone = "UIInterfaceOrientationPortrait UIInterfaceOrientationLandscapeLeft UIInterfaceOrientationLandscapeRight";
				IPHONEOS_DEPLOYMENT_TARGET = 15.0;
				LD_RUNPATH_SEARCH_PATHS = (
					"$(inherited)",
					"@executable_path/Frameworks",
				);
				MARKETING_VERSION = 1.0;
				PRODUCT_BUNDLE_IDENTIFIER = "com.headingtodev.TED-Clone";
				PRODUCT_NAME = "$(TARGET_NAME)";
				SWIFT_EMIT_LOC_STRINGS = YES;
				SWIFT_VERSION = 5.0;
				TARGETED_DEVICE_FAMILY = 1;
			};
			name = Release;
		};
/* End XCBuildConfiguration section */

/* Begin XCConfigurationList section */
		A9216E3827CE44D200DB0838 /* Build configuration list for PBXProject "TED_Clone" */ = {
			isa = XCConfigurationList;
			buildConfigurations = (
				A9216E4F27CE44D300DB0838 /* Debug */,
				A9216E5027CE44D300DB0838 /* Release */,
			);
			defaultConfigurationIsVisible = 0;
			defaultConfigurationName = Release;
		};
		A9216E5127CE44D300DB0838 /* Build configuration list for PBXNativeTarget "TED_Clone" */ = {
			isa = XCConfigurationList;
			buildConfigurations = (
				A9216E5227CE44D300DB0838 /* Debug */,
				A9216E5327CE44D300DB0838 /* Release */,
			);
			defaultConfigurationIsVisible = 0;
			defaultConfigurationName = Release;
		};
/* End XCConfigurationList section */
	};
	rootObject = A9216E3527CE44D200DB0838 /* Project object */;
}
