// !$*UTF8*$!
{
	archiveVersion = 1;
	classes = {
	};
	objectVersion = 55;
	objects = {

/* Begin PBXBuildFile section */
		A9216E4127CE44D200DB0838 /* AppDelegate.swift in Sources */ = {isa = PBXBuildFile; fileRef = A9216E4027CE44D200DB0838 /* AppDelegate.swift */; };
		A9216E4327CE44D200DB0838 /* SceneDelegate.swift in Sources */ = {isa = PBXBuildFile; fileRef = A9216E4227CE44D200DB0838 /* SceneDelegate.swift */; };
		A9216E4527CE44D200DB0838 /* HomeViewController.swift in Sources */ = {isa = PBXBuildFile; fileRef = A9216E4427CE44D200DB0838 /* HomeViewController.swift */; };
		A9216E4A27CE44D300DB0838 /* Assets.xcassets in Resources */ = {isa = PBXBuildFile; fileRef = A9216E4927CE44D300DB0838 /* Assets.xcassets */; };
		A9216E4D27CE44D300DB0838 /* LaunchScreen.storyboard in Resources */ = {isa = PBXBuildFile; fileRef = A9216E4B27CE44D300DB0838 /* LaunchScreen.storyboard */; };
		A9216E5B27CE509A00DB0838 /* TabBarController.swift in Sources */ = {isa = PBXBuildFile; fileRef = A9216E5A27CE509A00DB0838 /* TabBarController.swift */; };
		A9216E5D27CE52D100DB0838 /* PodcastViewController.swift in Sources */ = {isa = PBXBuildFile; fileRef = A9216E5C27CE52D100DB0838 /* PodcastViewController.swift */; };
		A9216E5F27CE52EB00DB0838 /* SearchViewController.swift in Sources */ = {isa = PBXBuildFile; fileRef = A9216E5E27CE52EB00DB0838 /* SearchViewController.swift */; };
		A9216E6127CE52F200DB0838 /* ProfileViewController.swift in Sources */ = {isa = PBXBuildFile; fileRef = A9216E6027CE52F100DB0838 /* ProfileViewController.swift */; };
		A9216E6327CE549200DB0838 /* Model.swift in Sources */ = {isa = PBXBuildFile; fileRef = A9216E6227CE549200DB0838 /* Model.swift */; };
		A9216E6527CE549900DB0838 /* ViewModel.swift in Sources */ = {isa = PBXBuildFile; fileRef = A9216E6427CE549900DB0838 /* ViewModel.swift */; };
		FEA0EF3227CE57A200108D67 /* extension.swift in Sources */ = {isa = PBXBuildFile; fileRef = FEA0EF3127CE57A200108D67 /* extension.swift */; };
/* End PBXBuildFile section */

/* Begin PBXFileReference section */
		A9216E3D27CE44D200DB0838 /* TED_Clone.app */ = {isa = PBXFileReference; explicitFileType = wrapper.application; includeInIndex = 0; path = TED_Clone.app; sourceTree = BUILT_PRODUCTS_DIR; };
		A9216E4027CE44D200DB0838 /* AppDelegate.swift */ = {isa = PBXFileReference; lastKnownFileType = sourcecode.swift; path = AppDelegate.swift; sourceTree = "<group>"; };
		A9216E4227CE44D200DB0838 /* SceneDelegate.swift */ = {isa = PBXFileReference; lastKnownFileType = sourcecode.swift; path = SceneDelegate.swift; sourceTree = "<group>"; };
		A9216E4427CE44D200DB0838 /* HomeViewController.swift */ = {isa = PBXFileReference; lastKnownFileType = sourcecode.swift; path = HomeViewController.swift; sourceTree = "<group>"; };
		A9216E4927CE44D300DB0838 /* Assets.xcassets */ = {isa = PBXFileReference; lastKnownFileType = folder.assetcatalog; path = Assets.xcassets; sourceTree = "<group>"; };
		A9216E4C27CE44D300DB0838 /* Base */ = {isa = PBXFileReference; lastKnownFileType = file.storyboard; name = Base; path = Base.lproj/LaunchScreen.storyboard; sourceTree = "<group>"; };
		A9216E4E27CE44D300DB0838 /* Info.plist */ = {isa = PBXFileReference; lastKnownFileType = text.plist.xml; path = Info.plist; sourceTree = "<group>"; };
		A9216E5A27CE509A00DB0838 /* TabBarController.swift */ = {isa = PBXFileReference; lastKnownFileType = sourcecode.swift; path = TabBarController.swift; sourceTree = "<group>"; };
		A9216E5C27CE52D100DB0838 /* PodcastViewController.swift */ = {isa = PBXFileReference; lastKnownFileType = sourcecode.swift; path = PodcastViewController.swift; sourceTree = "<group>"; };
		A9216E5E27CE52EB00DB0838 /* SearchViewController.swift */ = {isa = PBXFileReference; lastKnownFileType = sourcecode.swift; path = SearchViewController.swift; sourceTree = "<group>"; };
		A9216E6027CE52F100DB0838 /* ProfileViewController.swift */ = {isa = PBXFileReference; lastKnownFileType = sourcecode.swift; path = ProfileViewController.swift; sourceTree = "<group>"; };
		A9216E6227CE549200DB0838 /* Model.swift */ = {isa = PBXFileReference; lastKnownFileType = sourcecode.swift; path = Model.swift; sourceTree = "<group>"; };
		A9216E6427CE549900DB0838 /* ViewModel.swift */ = {isa = PBXFileReference; lastKnownFileType = sourcecode.swift; path = ViewModel.swift; sourceTree = "<group>"; };
		FEA0EF3127CE57A200108D67 /* extension.swift */ = {isa = PBXFileReference; lastKnownFileType = sourcecode.swift; path = extension.swift; sourceTree = "<group>"; };
/* End PBXFileReference section */

/* Begin PBXFrameworksBuildPhase section */
		A9216E3A27CE44D200DB0838 /* Frameworks */ = {
			isa = PBXFrameworksBuildPhase;
			buildActionMask = 2147483647;
			files = (
			);
			runOnlyForDeploymentPostprocessing = 0;
		};
/* End PBXFrameworksBuildPhase section */

/* Begin PBXGroup section */
		A9216E3427CE44D200DB0838 = {
			isa = PBXGroup;
			children = (
				A9216E3F27CE44D200DB0838 /* TED_Clone */,
				A9216E3E27CE44D200DB0838 /* Products */,
			);
			sourceTree = "<group>";
		};
		A9216E3E27CE44D200DB0838 /* Products */ = {
			isa = PBXGroup;
			children = (
				A9216E3D27CE44D200DB0838 /* TED_Clone.app */,
			);
			name = Products;
			sourceTree = "<group>";
		};
		A9216E3F27CE44D200DB0838 /* TED_Clone */ = {
			isa = PBXGroup;
			children = (
				FEA0EF2F27CE577F00108D67 /* Utils */,
				A9216E5927CE500800DB0838 /* Resources */,
				A9216E5827CE4FE900DB0838 /* Model */,
				A9216E5727CE4FE300DB0838 /* ViewModel */,
				A9216E5427CE4FC200DB0838 /* View */,
				A9216E4E27CE44D300DB0838 /* Info.plist */,
			);
			path = TED_Clone;
			sourceTree = "<group>";
		};
		A9216E5427CE4FC200DB0838 /* View */ = {
			isa = PBXGroup;
			children = (
				A9216E5627CE4FDE00DB0838 /* Views */,
				A9216E5527CE4FD200DB0838 /* Controllers */,
			);
			path = View;
			sourceTree = "<group>";
		};
		A9216E5527CE4FD200DB0838 /* Controllers */ = {
			isa = PBXGroup;
			children = (
				A9216E4427CE44D200DB0838 /* HomeViewController.swift */,
				A9216E5C27CE52D100DB0838 /* PodcastViewController.swift */,
				A9216E5E27CE52EB00DB0838 /* SearchViewController.swift */,
				A9216E6027CE52F100DB0838 /* ProfileViewController.swift */,
				A9216E5A27CE509A00DB0838 /* TabBarController.swift */,
			);
			path = Controllers;
			sourceTree = "<group>";
		};
		A9216E5627CE4FDE00DB0838 /* Views */ = {
			isa = PBXGroup;
			children = (
				A9216E4B27CE44D300DB0838 /* LaunchScreen.storyboard */,
			);
			path = Views;
			sourceTree = "<group>";
		};
		A9216E5727CE4FE300DB0838 /* ViewModel */ = {
			isa = PBXGroup;
			children = (
				A9216E6427CE549900DB0838 /* ViewModel.swift */,
			);
			path = ViewModel;
			sourceTree = "<group>";
		};
		A9216E5827CE4FE900DB0838 /* Model */ = {
			isa = PBXGroup;
			children = (
				A9216E6227CE549200DB0838 /* Model.swift */,
			);
			path = Model;
			sourceTree = "<group>";
		};
		A9216E5927CE500800DB0838 /* Resources */ = {
			isa = PBXGroup;
			children = (
				A9216E4927CE44D300DB0838 /* Assets.xcassets */,
				A9216E4027CE44D200DB0838 /* AppDelegate.swift */,
				A9216E4227CE44D200DB0838 /* SceneDelegate.swift */,
			);
			path = Resources;
			sourceTree = "<group>";
		};
		FEA0EF2F27CE577F00108D67 /* Utils */ = {
			isa = PBXGroup;
			children = (
				FEA0EF3127CE57A200108D67 /* extension.swift */,
			);
			path = Utils;
			sourceTree = "<group>";
		};
/* End PBXGroup section */

/* Begin PBXNativeTarget section */
		A9216E3C27CE44D200DB0838 /* TED_Clone */ = {
			isa = PBXNativeTarget;
			buildConfigurationList = A9216E5127CE44D300DB0838 /* Build configuration list for PBXNativeTarget "TED_Clone" */;
			buildPhases = (
				A9216E3927CE44D200DB0838 /* Sources */,
				A9216E3A27CE44D200DB0838 /* Frameworks */,
				A9216E3B27CE44D200DB0838 /* Resources */,
			);
			buildRules = (
			);
			dependencies = (
			);
			name = TED_Clone;
			productName = TED_Clone;
			productReference = A9216E3D27CE44D200DB0838 /* TED_Clone.app */;
			productType = "com.apple.product-type.application";
		};
/* End PBXNativeTarget section */

/* Begin PBXProject section */
		A9216E3527CE44D200DB0838 /* Project object */ = {
			isa = PBXProject;
			attributes = {
				BuildIndependentTargetsInParallel = 1;
				LastSwiftUpdateCheck = 1320;
				LastUpgradeCheck = 1320;
				TargetAttributes = {
					A9216E3C27CE44D200DB0838 = {
						CreatedOnToolsVersion = 13.2.1;
					};
				};
			};
			buildConfigurationList = A9216E3827CE44D200DB0838 /* Build configuration list for PBXProject "TED_Clone" */;
			compatibilityVersion = "Xcode 13.0";
			developmentRegion = en;
			hasScannedForEncodings = 0;
			knownRegions = (
				en,
				Base,
			);
			mainGroup = A9216E3427CE44D200DB0838;
			productRefGroup = A9216E3E27CE44D200DB0838 /* Products */;
			projectDirPath = "";
			projectRoot = "";
			targets = (
				A9216E3C27CE44D200DB0838 /* TED_Clone */,
			);
		};
/* End PBXProject section */

/* Begin PBXResourcesBuildPhase section */
		A9216E3B27CE44D200DB0838 /* Resources */ = {
			isa = PBXResourcesBuildPhase;
			buildActionMask = 2147483647;
			files = (
				A9216E4D27CE44D300DB0838 /* LaunchScreen.storyboard in Resources */,
				A9216E4A27CE44D300DB0838 /* Assets.xcassets in Resources */,
			);
			runOnlyForDeploymentPostprocessing = 0;
		};
/* End PBXResourcesBuildPhase section */

/* Begin PBXSourcesBuildPhase section */
		A9216E3927CE44D200DB0838 /* Sources */ = {
			isa = PBXSourcesBuildPhase;
			buildActionMask = 2147483647;
			files = (
				A9216E5F27CE52EB00DB0838 /* SearchViewController.swift in Sources */,
				A9216E6527CE549900DB0838 /* ViewModel.swift in Sources */,
				A9216E4527CE44D200DB0838 /* HomeViewController.swift in Sources */,
				FEA0EF3227CE57A200108D67 /* extension.swift in Sources */,
				A9216E5B27CE509A00DB0838 /* TabBarController.swift in Sources */,
				A9216E5D27CE52D100DB0838 /* PodcastViewController.swift in Sources */,
				A9216E6127CE52F200DB0838 /* ProfileViewController.swift in Sources */,
				A9216E4127CE44D200DB0838 /* AppDelegate.swift in Sources */,
				A9216E4327CE44D200DB0838 /* SceneDelegate.swift in Sources */,
				A9216E6327CE549200DB0838 /* Model.swift in Sources */,
			);
			runOnlyForDeploymentPostprocessing = 0;
		};
/* End PBXSourcesBuildPhase section */

/* Begin PBXVariantGroup section */
		A9216E4B27CE44D300DB0838 /* LaunchScreen.storyboard */ = {
			isa = PBXVariantGroup;
			children = (
				A9216E4C27CE44D300DB0838 /* Base */,
			);
			name = LaunchScreen.storyboard;
			sourceTree = "<group>";
		};
/* End PBXVariantGroup section */

/* Begin XCBuildConfiguration section */
		A9216E4F27CE44D300DB0838 /* Debug */ = {
			isa = XCBuildConfiguration;
			buildSettings = {
				ALWAYS_SEARCH_USER_PATHS = NO;
				CLANG_ANALYZER_NONNULL = YES;
				CLANG_ANALYZER_NUMBER_OBJECT_CONVERSION = YES_AGGRESSIVE;
				CLANG_CXX_LANGUAGE_STANDARD = "gnu++17";
				CLANG_CXX_LIBRARY = "libc++";
				CLANG_ENABLE_MODULES = YES;
				CLANG_ENABLE_OBJC_ARC = YES;
				CLANG_ENABLE_OBJC_WEAK = YES;
				CLANG_WARN_BLOCK_CAPTURE_AUTORELEASING = YES;
				CLANG_WARN_BOOL_CONVERSION = YES;
				CLANG_WARN_COMMA = YES;
				CLANG_WARN_CONSTANT_CONVERSION = YES;
				CLANG_WARN_DEPRECATED_OBJC_IMPLEMENTATIONS = YES;
				CLANG_WARN_DIRECT_OBJC_ISA_USAGE = YES_ERROR;
				CLANG_WARN_DOCUMENTATION_COMMENTS = YES;
				CLANG_WARN_EMPTY_BODY = YES;
				CLANG_WARN_ENUM_CONVERSION = YES;
				CLANG_WARN_INFINITE_RECURSION = YES;
				CLANG_WARN_INT_CONVERSION = YES;
				CLANG_WARN_NON_LITERAL_NULL_CONVERSION = YES;
				CLANG_WARN_OBJC_IMPLICIT_RETAIN_SELF = YES;
				CLANG_WARN_OBJC_LITERAL_CONVERSION = YES;
				CLANG_WARN_OBJC_ROOT_CLASS = YES_ERROR;
				CLANG_WARN_QUOTED_INCLUDE_IN_FRAMEWORK_HEADER = YES;
				CLANG_WARN_RANGE_LOOP_ANALYSIS = YES;
				CLANG_WARN_STRICT_PROTOTYPES = YES;
				CLANG_WARN_SUSPICIOUS_MOVE = YES;
				CLANG_WARN_UNGUARDED_AVAILABILITY = YES_AGGRESSIVE;
				CLANG_WARN_UNREACHABLE_CODE = YES;
				CLANG_WARN__DUPLICATE_METHOD_MATCH = YES;
				COPY_PHASE_STRIP = NO;
				DEBUG_INFORMATION_FORMAT = dwarf;
				ENABLE_STRICT_OBJC_MSGSEND = YES;
				ENABLE_TESTABILITY = YES;
				GCC_C_LANGUAGE_STANDARD = gnu11;
				GCC_DYNAMIC_NO_PIC = NO;
				GCC_NO_COMMON_BLOCKS = YES;
				GCC_OPTIMIZATION_LEVEL = 0;
				GCC_PREPROCESSOR_DEFINITIONS = (
					"DEBUG=1",
					"$(inherited)",
				);
				GCC_WARN_64_TO_32_BIT_CONVERSION = YES;
				GCC_WARN_ABOUT_RETURN_TYPE = YES_ERROR;
				GCC_WARN_UNDECLARED_SELECTOR = YES;
				GCC_WARN_UNINITIALIZED_AUTOS = YES_AGGRESSIVE;
				GCC_WARN_UNUSED_FUNCTION = YES;
				GCC_WARN_UNUSED_VARIABLE = YES;
				IPHONEOS_DEPLOYMENT_TARGET = 15.2;
				MTL_ENABLE_DEBUG_INFO = INCLUDE_SOURCE;
				MTL_FAST_MATH = YES;
				ONLY_ACTIVE_ARCH = YES;
				SDKROOT = iphoneos;
				SWIFT_ACTIVE_COMPILATION_CONDITIONS = DEBUG;
				SWIFT_OPTIMIZATION_LEVEL = "-Onone";
			};
			name = Debug;
		};
		A9216E5027CE44D300DB0838 /* Release */ = {
			isa = XCBuildConfiguration;
			buildSettings = {
				ALWAYS_SEARCH_USER_PATHS = NO;
				CLANG_ANALYZER_NONNULL = YES;
				CLANG_ANALYZER_NUMBER_OBJECT_CONVERSION = YES_AGGRESSIVE;
				CLANG_CXX_LANGUAGE_STANDARD = "gnu++17";
				CLANG_CXX_LIBRARY = "libc++";
				CLANG_ENABLE_MODULES = YES;
				CLANG_ENABLE_OBJC_ARC = YES;
				CLANG_ENABLE_OBJC_WEAK = YES;
				CLANG_WARN_BLOCK_CAPTURE_AUTORELEASING = YES;
				CLANG_WARN_BOOL_CONVERSION = YES;
				CLANG_WARN_COMMA = YES;
				CLANG_WARN_CONSTANT_CONVERSION = YES;
				CLANG_WARN_DEPRECATED_OBJC_IMPLEMENTATIONS = YES;
				CLANG_WARN_DIRECT_OBJC_ISA_USAGE = YES_ERROR;
				CLANG_WARN_DOCUMENTATION_COMMENTS = YES;
				CLANG_WARN_EMPTY_BODY = YES;
				CLANG_WARN_ENUM_CONVERSION = YES;
				CLANG_WARN_INFINITE_RECURSION = YES;
				CLANG_WARN_INT_CONVERSION = YES;
				CLANG_WARN_NON_LITERAL_NULL_CONVERSION = YES;
				CLANG_WARN_OBJC_IMPLICIT_RETAIN_SELF = YES;
				CLANG_WARN_OBJC_LITERAL_CONVERSION = YES;
				CLANG_WARN_OBJC_ROOT_CLASS = YES_ERROR;
				CLANG_WARN_QUOTED_INCLUDE_IN_FRAMEWORK_HEADER = YES;
				CLANG_WARN_RANGE_LOOP_ANALYSIS = YES;
				CLANG_WARN_STRICT_PROTOTYPES = YES;
				CLANG_WARN_SUSPICIOUS_MOVE = YES;
				CLANG_WARN_UNGUARDED_AVAILABILITY = YES_AGGRESSIVE;
				CLANG_WARN_UNREACHABLE_CODE = YES;
				CLANG_WARN__DUPLICATE_METHOD_MATCH = YES;
				COPY_PHASE_STRIP = NO;
				DEBUG_INFORMATION_FORMAT = "dwarf-with-dsym";
				ENABLE_NS_ASSERTIONS = NO;
				ENABLE_STRICT_OBJC_MSGSEND = YES;
				GCC_C_LANGUAGE_STANDARD = gnu11;
				GCC_NO_COMMON_BLOCKS = YES;
				GCC_WARN_64_TO_32_BIT_CONVERSION = YES;
				GCC_WARN_ABOUT_RETURN_TYPE = YES_ERROR;
				GCC_WARN_UNDECLARED_SELECTOR = YES;
				GCC_WARN_UNINITIALIZED_AUTOS = YES_AGGRESSIVE;
				GCC_WARN_UNUSED_FUNCTION = YES;
				GCC_WARN_UNUSED_VARIABLE = YES;
				IPHONEOS_DEPLOYMENT_TARGET = 15.2;
				MTL_ENABLE_DEBUG_INFO = NO;
				MTL_FAST_MATH = YES;
				SDKROOT = iphoneos;
				SWIFT_COMPILATION_MODE = wholemodule;
				SWIFT_OPTIMIZATION_LEVEL = "-O";
				VALIDATE_PRODUCT = YES;
			};
			name = Release;
		};
		A9216E5227CE44D300DB0838 /* Debug */ = {
			isa = XCBuildConfiguration;
			buildSettings = {
				ASSETCATALOG_COMPILER_APPICON_NAME = AppIcon;
				ASSETCATALOG_COMPILER_GLOBAL_ACCENT_COLOR_NAME = AccentColor;
				CODE_SIGN_STYLE = Automatic;
				CURRENT_PROJECT_VERSION = 1;
				DEVELOPMENT_TEAM = L3L2WN7T88;
				GENERATE_INFOPLIST_FILE = YES;
				INFOPLIST_FILE = TED_Clone/Info.plist;
				INFOPLIST_KEY_UIApplicationSupportsIndirectInputEvents = YES;
				INFOPLIST_KEY_UILaunchStoryboardName = LaunchScreen;
				INFOPLIST_KEY_UISupportedInterfaceOrientations = UIInterfaceOrientationPortrait;
				INFOPLIST_KEY_UISupportedInterfaceOrientations_iPad = "UIInterfaceOrientationPortrait UIInterfaceOrientationPortraitUpsideDown UIInterfaceOrientationLandscapeLeft UIInterfaceOrientationLandscapeRight";
				INFOPLIST_KEY_UISupportedInterfaceOrientations_iPhone = "UIInterfaceOrientationPortrait UIInterfaceOrientationLandscapeLeft UIInterfaceOrientationLandscapeRight";
				IPHONEOS_DEPLOYMENT_TARGET = 15.0;
				LD_RUNPATH_SEARCH_PATHS = (
					"$(inherited)",
					"@executable_path/Frameworks",
				);
				MARKETING_VERSION = 1.0;
				PRODUCT_BUNDLE_IDENTIFIER = "com.headingtodev.TED-Clone";
				PRODUCT_NAME = "$(TARGET_NAME)";
				SWIFT_EMIT_LOC_STRINGS = YES;
				SWIFT_VERSION = 5.0;
				TARGETED_DEVICE_FAMILY = 1;
			};
			name = Debug;
		};
		A9216E5327CE44D300DB0838 /* Release */ = {
			isa = XCBuildConfiguration;
			buildSettings = {
				ASSETCATALOG_COMPILER_APPICON_NAME = AppIcon;
				ASSETCATALOG_COMPILER_GLOBAL_ACCENT_COLOR_NAME = AccentColor;
				CODE_SIGN_STYLE = Automatic;
				CURRENT_PROJECT_VERSION = 1;
				DEVELOPMENT_TEAM = L3L2WN7T88;
				GENERATE_INFOPLIST_FILE = YES;
				INFOPLIST_FILE = TED_Clone/Info.plist;
				INFOPLIST_KEY_UIApplicationSupportsIndirectInputEvents = YES;
				INFOPLIST_KEY_UILaunchStoryboardName = LaunchScreen;
				INFOPLIST_KEY_UISupportedInterfaceOrientations = UIInterfaceOrientationPortrait;
				INFOPLIST_KEY_UISupportedInterfaceOrientations_iPad = "UIInterfaceOrientationPortrait UIInterfaceOrientationPortraitUpsideDown UIInterfaceOrientationLandscapeLeft UIInterfaceOrientationLandscapeRight";
				INFOPLIST_KEY_UISupportedInterfaceOrientations_iPhone = "UIInterfaceOrientationPortrait UIInterfaceOrientationLandscapeLeft UIInterfaceOrientationLandscapeRight";
				IPHONEOS_DEPLOYMENT_TARGET = 15.0;
				LD_RUNPATH_SEARCH_PATHS = (
					"$(inherited)",
					"@executable_path/Frameworks",
				);
				MARKETING_VERSION = 1.0;
				PRODUCT_BUNDLE_IDENTIFIER = "com.headingtodev.TED-Clone";
				PRODUCT_NAME = "$(TARGET_NAME)";
				SWIFT_EMIT_LOC_STRINGS = YES;
				SWIFT_VERSION = 5.0;
				TARGETED_DEVICE_FAMILY = 1;
			};
			name = Release;
		};
/* End XCBuildConfiguration section */

/* Begin XCConfigurationList section */
		A9216E3827CE44D200DB0838 /* Build configuration list for PBXProject "TED_Clone" */ = {
			isa = XCConfigurationList;
			buildConfigurations = (
				A9216E4F27CE44D300DB0838 /* Debug */,
				A9216E5027CE44D300DB0838 /* Release */,
			);
			defaultConfigurationIsVisible = 0;
			defaultConfigurationName = Release;
		};
		A9216E5127CE44D300DB0838 /* Build configuration list for PBXNativeTarget "TED_Clone" */ = {
			isa = XCConfigurationList;
			buildConfigurations = (
				A9216E5227CE44D300DB0838 /* Debug */,
				A9216E5327CE44D300DB0838 /* Release */,
			);
			defaultConfigurationIsVisible = 0;
			defaultConfigurationName = Release;
		};
/* End XCConfigurationList section */
	};
	rootObject = A9216E3527CE44D200DB0838 /* Project object */;
}
